
Microsoft Visual Studio Solution File, Format Version 12.00
# Visual Studio Version 16
VisualStudioVersion = 16.0.32106.194
MinimumVisualStudioVersion = 10.0.40219.1
Project("{FAE04EC0-301F-11D3-BF4B-00C04F79EFBC}") = "FirstWebAPI", "FirstWebAPI\FirstWebAPI.csproj", "{FA85E269-0B00-4456-8DB5-940C7B02380B}"
EndProject
Global
	GlobalSection(SolutionConfigurationPlatforms) = preSolution
		Debug|Any CPU = Debug|Any CPU
		Release|Any CPU = Release|Any CPU
	EndGlobalSection
	GlobalSection(ProjectConfigurationPlatforms) = postSolution
		{FA85E269-0B00-4456-8DB5-940C7B02380B}.Debug|Any CPU.ActiveCfg = Debug|Any CPU
		{FA85E269-0B00-4456-8DB5-940C7B02380B}.Debug|Any CPU.Build.0 = Debug|Any CPU
		{FA85E269-0B00-4456-8DB5-940C7B02380B}.Release|Any CPU.ActiveCfg = Release|Any CPU
		{FA85E269-0B00-4456-8DB5-940C7B02380B}.Release|Any CPU.Build.0 = Release|Any CPU
	EndGlobalSection
	GlobalSection(SolutionProperties) = preSolution
		HideSolutionNode = FALSE
	EndGlobalSection
	GlobalSection(ExtensibilityGlobals) = postSolution
		SolutionGuid = {0D52D354-88F5-44E3-A3C8-30E093668769}
	EndGlobalSection
EndGlobal
