
Microsoft Visual Studio Solution File, Format Version 12.00
# Visual Studio Version 16
VisualStudioVersion = 16.0.32002.261
MinimumVisualStudioVersion = 10.0.40219.1
Project("{FAE04EC0-301F-11D3-BF4B-00C04F79EFBC}") = "EmployDetails", "EmployDetails\EmployDetails.csproj", "{83E5EA7E-8769-4062-B7E7-C13BB7B57088}"
EndProject
Global
	GlobalSection(SolutionConfigurationPlatforms) = preSolution
		Debug|Any CPU = Debug|Any CPU
		Release|Any CPU = Release|Any CPU
	EndGlobalSection
	GlobalSection(ProjectConfigurationPlatforms) = postSolution
		{83E5EA7E-8769-4062-B7E7-C13BB7B57088}.Debug|Any CPU.ActiveCfg = Debug|Any CPU
		{83E5EA7E-8769-4062-B7E7-C13BB7B57088}.Debug|Any CPU.Build.0 = Debug|Any CPU
		{83E5EA7E-8769-4062-B7E7-C13BB7B57088}.Release|Any CPU.ActiveCfg = Release|Any CPU
		{83E5EA7E-8769-4062-B7E7-C13BB7B57088}.Release|Any CPU.Build.0 = Release|Any CPU
	EndGlobalSection
	GlobalSection(SolutionProperties) = preSolution
		HideSolutionNode = FALSE
	EndGlobalSection
	GlobalSection(ExtensibilityGlobals) = postSolution
		SolutionGuid = {43072CE3-2532-4671-B9C0-DB275D1224D7}
	EndGlobalSection
EndGlobal
