
Microsoft Visual Studio Solution File, Format Version 12.00
# Visual Studio Version 16
VisualStudioVersion = 16.0.32106.194
MinimumVisualStudioVersion = 10.0.40219.1
Project("{FAE04EC0-301F-11D3-BF4B-00C04F79EFBC}") = "MyFoodSupply", "FoodSupply\MyFoodSupply.csproj", "{606FE8D2-440F-4CA1-ACC8-C493733C4E70}"
EndProject
Project("{FAE04EC0-301F-11D3-BF4B-00C04F79EFBC}") = "FoodDetailsTesting", "FoodDetailsTesting\FoodDetailsTesting.csproj", "{05F2D8D6-1591-49DF-AED7-597073ECEFAE}"
EndProject
Project("{FAE04EC0-301F-11D3-BF4B-00C04F79EFBC}") = "SupplyDetailsTest", "SupplyDetailsTesting\SupplyDetailsTest.csproj", "{95F9B13F-E2B8-4BEF-9667-F217577877AA}"
EndProject
Global
	GlobalSection(SolutionConfigurationPlatforms) = preSolution
		Debug|Any CPU = Debug|Any CPU
		Release|Any CPU = Release|Any CPU
	EndGlobalSection
	GlobalSection(ProjectConfigurationPlatforms) = postSolution
		{606FE8D2-440F-4CA1-ACC8-C493733C4E70}.Debug|Any CPU.ActiveCfg = Debug|Any CPU
		{606FE8D2-440F-4CA1-ACC8-C493733C4E70}.Debug|Any CPU.Build.0 = Debug|Any CPU
		{606FE8D2-440F-4CA1-ACC8-C493733C4E70}.Release|Any CPU.ActiveCfg = Release|Any CPU
		{606FE8D2-440F-4CA1-ACC8-C493733C4E70}.Release|Any CPU.Build.0 = Release|Any CPU
		{05F2D8D6-1591-49DF-AED7-597073ECEFAE}.Debug|Any CPU.ActiveCfg = Debug|Any CPU
		{05F2D8D6-1591-49DF-AED7-597073ECEFAE}.Debug|Any CPU.Build.0 = Debug|Any CPU
		{05F2D8D6-1591-49DF-AED7-597073ECEFAE}.Release|Any CPU.ActiveCfg = Release|Any CPU
		{05F2D8D6-1591-49DF-AED7-597073ECEFAE}.Release|Any CPU.Build.0 = Release|Any CPU
		{95F9B13F-E2B8-4BEF-9667-F217577877AA}.Debug|Any CPU.ActiveCfg = Debug|Any CPU
		{95F9B13F-E2B8-4BEF-9667-F217577877AA}.Debug|Any CPU.Build.0 = Debug|Any CPU
		{95F9B13F-E2B8-4BEF-9667-F217577877AA}.Release|Any CPU.ActiveCfg = Release|Any CPU
		{95F9B13F-E2B8-4BEF-9667-F217577877AA}.Release|Any CPU.Build.0 = Release|Any CPU
	EndGlobalSection
	GlobalSection(SolutionProperties) = preSolution
		HideSolutionNode = FALSE
	EndGlobalSection
	GlobalSection(ExtensibilityGlobals) = postSolution
		SolutionGuid = {45181FCD-0EBC-40AF-8F97-FF2096D391BA}
	EndGlobalSection
EndGlobal
