
Microsoft Visual Studio Solution File, Format Version 12.00
# Visual Studio Version 16
VisualStudioVersion = 16.0.31911.196
MinimumVisualStudioVersion = 10.0.40219.1
Project("{FAE04EC0-301F-11D3-BF4B-00C04F79EFBC}") = "MovieCruiserApi", "MovieCruiserApi.csproj", "{9B7703F9-BA47-4182-B421-2C84A9917C54}"
EndProject
Global
	GlobalSection(SolutionConfigurationPlatforms) = preSolution
		Debug|Any CPU = Debug|Any CPU
		Release|Any CPU = Release|Any CPU
	EndGlobalSection
	GlobalSection(ProjectConfigurationPlatforms) = postSolution
		{9B7703F9-BA47-4182-B421-2C84A9917C54}.Debug|Any CPU.ActiveCfg = Debug|Any CPU
		{9B7703F9-BA47-4182-B421-2C84A9917C54}.Debug|Any CPU.Build.0 = Debug|Any CPU
		{9B7703F9-BA47-4182-B421-2C84A9917C54}.Release|Any CPU.ActiveCfg = Release|Any CPU
		{9B7703F9-BA47-4182-B421-2C84A9917C54}.Release|Any CPU.Build.0 = Release|Any CPU
	EndGlobalSection
	GlobalSection(SolutionProperties) = preSolution
		HideSolutionNode = FALSE
	EndGlobalSection
	GlobalSection(ExtensibilityGlobals) = postSolution
		SolutionGuid = {12687484-8E37-4573-BA25-561907B7F4C9}
	EndGlobalSection
EndGlobal
