
Microsoft Visual Studio Solution File, Format Version 12.00
# Visual Studio Version 16
VisualStudioVersion = 16.0.32002.261
MinimumVisualStudioVersion = 10.0.40219.1
Project("{9A19103F-16F7-4668-BE54-9A1E7A4F7556}") = "WinFormsPicture", "WinFormsApp2\WinFormsPicture.csproj", "{2AAAC575-BFCA-42D1-B042-2BF485B17F74}"
EndProject
Global
	GlobalSection(SolutionConfigurationPlatforms) = preSolution
		Debug|Any CPU = Debug|Any CPU
		Release|Any CPU = Release|Any CPU
	EndGlobalSection
	GlobalSection(ProjectConfigurationPlatforms) = postSolution
		{2AAAC575-BFCA-42D1-B042-2BF485B17F74}.Debug|Any CPU.ActiveCfg = Debug|Any CPU
		{2AAAC575-BFCA-42D1-B042-2BF485B17F74}.Debug|Any CPU.Build.0 = Debug|Any CPU
		{2AAAC575-BFCA-42D1-B042-2BF485B17F74}.Release|Any CPU.ActiveCfg = Release|Any CPU
		{2AAAC575-BFCA-42D1-B042-2BF485B17F74}.Release|Any CPU.Build.0 = Release|Any CPU
	EndGlobalSection
	GlobalSection(SolutionProperties) = preSolution
		HideSolutionNode = FALSE
	EndGlobalSection
	GlobalSection(ExtensibilityGlobals) = postSolution
		SolutionGuid = {FBCF49A6-6AB7-4979-8E1F-A7819274081D}
	EndGlobalSection
EndGlobal
