
Microsoft Visual Studio Solution File, Format Version 12.00
# Visual Studio Version 16
VisualStudioVersion = 16.0.30907.101
MinimumVisualStudioVersion = 10.0.40219.1
Project("{FAE04EC0-301F-11D3-BF4B-00C04F79EFBC}") = "PraticeCaseStudy_AbstractDesignPattern", "PraticeCaseStudy_AbstractDesignPattern.csproj", "{BCA81454-3DCE-43E7-BC72-81850F4508F7}"
EndProject
Project("{FAE04EC0-301F-11D3-BF4B-00C04F79EFBC}") = "PraticeCaseStudy_ObserverPattern", "..\PraticeCaseStudy_ObserverPattern\PraticeCaseStudy_ObserverPattern.csproj", "{E996733B-68F1-476E-B06D-CCC99554CA1F}"
EndProject
Global
	GlobalSection(SolutionConfigurationPlatforms) = preSolution
		Debug|Any CPU = Debug|Any CPU
		Release|Any CPU = Release|Any CPU
	EndGlobalSection
	GlobalSection(ProjectConfigurationPlatforms) = postSolution
		{BCA81454-3DCE-43E7-BC72-81850F4508F7}.Debug|Any CPU.ActiveCfg = Debug|Any CPU
		{BCA81454-3DCE-43E7-BC72-81850F4508F7}.Debug|Any CPU.Build.0 = Debug|Any CPU
		{BCA81454-3DCE-43E7-BC72-81850F4508F7}.Release|Any CPU.ActiveCfg = Release|Any CPU
		{BCA81454-3DCE-43E7-BC72-81850F4508F7}.Release|Any CPU.Build.0 = Release|Any CPU
		{E996733B-68F1-476E-B06D-CCC99554CA1F}.Debug|Any CPU.ActiveCfg = Debug|Any CPU
		{E996733B-68F1-476E-B06D-CCC99554CA1F}.Debug|Any CPU.Build.0 = Debug|Any CPU
		{E996733B-68F1-476E-B06D-CCC99554CA1F}.Release|Any CPU.ActiveCfg = Release|Any CPU
		{E996733B-68F1-476E-B06D-CCC99554CA1F}.Release|Any CPU.Build.0 = Release|Any CPU
	EndGlobalSection
	GlobalSection(SolutionProperties) = preSolution
		HideSolutionNode = FALSE
	EndGlobalSection
	GlobalSection(ExtensibilityGlobals) = postSolution
		SolutionGuid = {FE942D07-E881-487E-A0CA-113459F29328}
	EndGlobalSection
EndGlobal
