
Microsoft Visual Studio Solution File, Format Version 12.00
# Visual Studio Version 16
VisualStudioVersion = 16.0.31911.196
MinimumVisualStudioVersion = 10.0.40219.1
Project("{FAE04EC0-301F-11D3-BF4B-00C04F79EFBC}") = "truYumApi", "truYumApi.csproj", "{F6C2017B-B413-4A7A-8202-A81EEDB36BA1}"
EndProject
Global
	GlobalSection(SolutionConfigurationPlatforms) = preSolution
		Debug|Any CPU = Debug|Any CPU
		Release|Any CPU = Release|Any CPU
	EndGlobalSection
	GlobalSection(ProjectConfigurationPlatforms) = postSolution
		{F6C2017B-B413-4A7A-8202-A81EEDB36BA1}.Debug|Any CPU.ActiveCfg = Debug|Any CPU
		{F6C2017B-B413-4A7A-8202-A81EEDB36BA1}.Debug|Any CPU.Build.0 = Debug|Any CPU
		{F6C2017B-B413-4A7A-8202-A81EEDB36BA1}.Release|Any CPU.ActiveCfg = Release|Any CPU
		{F6C2017B-B413-4A7A-8202-A81EEDB36BA1}.Release|Any CPU.Build.0 = Release|Any CPU
	EndGlobalSection
	GlobalSection(SolutionProperties) = preSolution
		HideSolutionNode = FALSE
	EndGlobalSection
	GlobalSection(ExtensibilityGlobals) = postSolution
		SolutionGuid = {482D186E-764E-4CEB-A8C1-C6EBECC39353}
	EndGlobalSection
EndGlobal
