
Microsoft Visual Studio Solution File, Format Version 12.00
# Visual Studio 15
VisualStudioVersion = 15.0.28307.1758
MinimumVisualStudioVersion = 10.0.40219.1
Project("{FAE04EC0-301F-11D3-BF4B-00C04F79EFBC}") = "HelloWorldCore", "HelloWorldCore\HelloWorldCore.csproj", "{48DFD0E1-2B31-4B38-B93C-A0CA0EB2FCDE}"
EndProject
Global
	GlobalSection(SolutionConfigurationPlatforms) = preSolution
		Debug|Any CPU = Debug|Any CPU
		Release|Any CPU = Release|Any CPU
	EndGlobalSection
	GlobalSection(ProjectConfigurationPlatforms) = postSolution
		{48DFD0E1-2B31-4B38-B93C-A0CA0EB2FCDE}.Debug|Any CPU.ActiveCfg = Debug|Any CPU
		{48DFD0E1-2B31-4B38-B93C-A0CA0EB2FCDE}.Debug|Any CPU.Build.0 = Debug|Any CPU
		{48DFD0E1-2B31-4B38-B93C-A0CA0EB2FCDE}.Release|Any CPU.ActiveCfg = Release|Any CPU
		{48DFD0E1-2B31-4B38-B93C-A0CA0EB2FCDE}.Release|Any CPU.Build.0 = Release|Any CPU
	EndGlobalSection
	GlobalSection(SolutionProperties) = preSolution
		HideSolutionNode = FALSE
	EndGlobalSection
	GlobalSection(ExtensibilityGlobals) = postSolution
		SolutionGuid = {87499557-C16E-47EA-829C-906B9A45963C}
	EndGlobalSection
EndGlobal
