
Microsoft Visual Studio Solution File, Format Version 12.00
# Visual Studio Version 16
VisualStudioVersion = 16.0.32002.261
MinimumVisualStudioVersion = 10.0.40219.1
Project("{FAE04EC0-301F-11D3-BF4B-00C04F79EFBC}") = "AsyncAwaitUsage1", "AsyncAwaitUsage1\AsyncAwaitUsage1.csproj", "{E4B2C16F-C577-4F4B-8792-C5EB027902E5}"
EndProject
Global
	GlobalSection(SolutionConfigurationPlatforms) = preSolution
		Debug|Any CPU = Debug|Any CPU
		Release|Any CPU = Release|Any CPU
	EndGlobalSection
	GlobalSection(ProjectConfigurationPlatforms) = postSolution
		{E4B2C16F-C577-4F4B-8792-C5EB027902E5}.Debug|Any CPU.ActiveCfg = Debug|Any CPU
		{E4B2C16F-C577-4F4B-8792-C5EB027902E5}.Debug|Any CPU.Build.0 = Debug|Any CPU
		{E4B2C16F-C577-4F4B-8792-C5EB027902E5}.Release|Any CPU.ActiveCfg = Release|Any CPU
		{E4B2C16F-C577-4F4B-8792-C5EB027902E5}.Release|Any CPU.Build.0 = Release|Any CPU
	EndGlobalSection
	GlobalSection(SolutionProperties) = preSolution
		HideSolutionNode = FALSE
	EndGlobalSection
	GlobalSection(ExtensibilityGlobals) = postSolution
		SolutionGuid = {BF056C6F-B748-479E-A6C4-0F809BFEFACB}
	EndGlobalSection
EndGlobal
